// !$*UTF8*$!
{
	archiveVersion = 1;
	classes = {
	};
	objectVersion = 46;
	objects = {

/* Begin PBXBuildFile section */
		FB61B0D11971F5440050C454 /* Foundation.framework in Frameworks */ = {isa = PBXBuildFile; fileRef = FB61B0D01971F5440050C454 /* Foundation.framework */; };
		FB61B0D31971F5440050C454 /* CoreGraphics.framework in Frameworks */ = {isa = PBXBuildFile; fileRef = FB61B0D21971F5440050C454 /* CoreGraphics.framework */; };
		FB61B0D51971F5440050C454 /* UIKit.framework in Frameworks */ = {isa = PBXBuildFile; fileRef = FB61B0D41971F5440050C454 /* UIKit.framework */; };
		FB61B0DB1971F5440050C454 /* InfoPlist.strings in Resources */ = {isa = PBXBuildFile; fileRef = FB61B0D91971F5440050C454 /* InfoPlist.strings */; };
		FB61B0DD1971F5440050C454 /* main.m in Sources */ = {isa = PBXBuildFile; fileRef = FB61B0DC1971F5440050C454 /* main.m */; };
		FB61B0E11971F5440050C454 /* AppDelegate.m in Sources */ = {isa = PBXBuildFile; fileRef = FB61B0E01971F5440050C454 /* AppDelegate.m */; };
		FB61B0E31971F5440050C454 /* Images.xcassets in Resources */ = {isa = PBXBuildFile; fileRef = FB61B0E21971F5440050C454 /* Images.xcassets */; };
		FB61B0EA1971F5440050C454 /* XCTest.framework in Frameworks */ = {isa = PBXBuildFile; fileRef = FB61B0E91971F5440050C454 /* XCTest.framework */; };
		FB61B0EB1971F5440050C454 /* Foundation.framework in Frameworks */ = {isa = PBXBuildFile; fileRef = FB61B0D01971F5440050C454 /* Foundation.framework */; };
		FB61B0EC1971F5440050C454 /* UIKit.framework in Frameworks */ = {isa = PBXBuildFile; fileRef = FB61B0D41971F5440050C454 /* UIKit.framework */; };
		FB61B0F41971F5440050C454 /* InfoPlist.strings in Resources */ = {isa = PBXBuildFile; fileRef = FB61B0F21971F5440050C454 /* InfoPlist.strings */; };
		FB61B0F61971F5440050C454 /* InAppNotificationBannerTests.m in Sources */ = {isa = PBXBuildFile; fileRef = FB61B0F51971F5440050C454 /* InAppNotificationBannerTests.m */; };
		FB61B1021971F5C10050C454 /* ViewController.m in Sources */ = {isa = PBXBuildFile; fileRef = FB61B1011971F5C10050C454 /* ViewController.m */; };
/* End PBXBuildFile section */

/* Begin PBXContainerItemProxy section */
		FB61B0ED1971F5440050C454 /* PBXContainerItemProxy */ = {
			isa = PBXContainerItemProxy;
			containerPortal = FB61B0C51971F5430050C454 /* Project object */;
			proxyType = 1;
			remoteGlobalIDString = FB61B0CC1971F5440050C454;
			remoteInfo = InAppNotificationBanner;
		};
/* End PBXContainerItemProxy section */

/* Begin PBXFileReference section */
		FB61B0CD1971F5440050C454 /* InAppNotificationBanner.app */ = {isa = PBXFileReference; explicitFileType = wrapper.application; includeInIndex = 0; path = InAppNotificationBanner.app; sourceTree = BUILT_PRODUCTS_DIR; };
		FB61B0D01971F5440050C454 /* Foundation.framework */ = {isa = PBXFileReference; lastKnownFileType = wrapper.framework; name = Foundation.framework; path = System/Library/Frameworks/Foundation.framework; sourceTree = SDKROOT; };
		FB61B0D21971F5440050C454 /* CoreGraphics.framework */ = {isa = PBXFileReference; lastKnownFileType = wrapper.framework; name = CoreGraphics.framework; path = System/Library/Frameworks/CoreGraphics.framework; sourceTree = SDKROOT; };
		FB61B0D41971F5440050C454 /* UIKit.framework */ = {isa = PBXFileReference; lastKnownFileType = wrapper.framework; name = UIKit.framework; path = System/Library/Frameworks/UIKit.framework; sourceTree = SDKROOT; };
		FB61B0D81971F5440050C454 /* InAppNotificationBanner-Info.plist */ = {isa = PBXFileReference; lastKnownFileType = text.plist.xml; path = "InAppNotificationBanner-Info.plist"; sourceTree = "<group>"; };
		FB61B0DA1971F5440050C454 /* en */ = {isa = PBXFileReference; lastKnownFileType = text.plist.strings; name = en; path = en.lproj/InfoPlist.strings; sourceTree = "<group>"; };
		FB61B0DC1971F5440050C454 /* main.m */ = {isa = PBXFileReference; lastKnownFileType = sourcecode.c.objc; path = main.m; sourceTree = "<group>"; };
		FB61B0DE1971F5440050C454 /* InAppNotificationBanner-Prefix.pch */ = {isa = PBXFileReference; lastKnownFileType = sourcecode.c.h; path = "InAppNotificationBanner-Prefix.pch"; sourceTree = "<group>"; };
		FB61B0DF1971F5440050C454 /* AppDelegate.h */ = {isa = PBXFileReference; lastKnownFileType = sourcecode.c.h; path = AppDelegate.h; sourceTree = "<group>"; };
		FB61B0E01971F5440050C454 /* AppDelegate.m */ = {isa = PBXFileReference; lastKnownFileType = sourcecode.c.objc; path = AppDelegate.m; sourceTree = "<group>"; };
		FB61B0E21971F5440050C454 /* Images.xcassets */ = {isa = PBXFileReference; lastKnownFileType = folder.assetcatalog; path = Images.xcassets; sourceTree = "<group>"; };
		FB61B0E81971F5440050C454 /* InAppNotificationBannerTests.xctest */ = {isa = PBXFileReference; explicitFileType = wrapper.cfbundle; includeInIndex = 0; path = InAppNotificationBannerTests.xctest; sourceTree = BUILT_PRODUCTS_DIR; };
		FB61B0E91971F5440050C454 /* XCTest.framework */ = {isa = PBXFileReference; lastKnownFileType = wrapper.framework; name = XCTest.framework; path = Library/Frameworks/XCTest.framework; sourceTree = DEVELOPER_DIR; };
		FB61B0F11971F5440050C454 /* InAppNotificationBannerTests-Info.plist */ = {isa = PBXFileReference; lastKnownFileType = text.plist.xml; path = "InAppNotificationBannerTests-Info.plist"; sourceTree = "<group>"; };
		FB61B0F31971F5440050C454 /* en */ = {isa = PBXFileReference; lastKnownFileType = text.plist.strings; name = en; path = en.lproj/InfoPlist.strings; sourceTree = "<group>"; };
		FB61B0F51971F5440050C454 /* InAppNotificationBannerTests.m */ = {isa = PBXFileReference; lastKnownFileType = sourcecode.c.objc; path = InAppNotificationBannerTests.m; sourceTree = "<group>"; };
		FB61B0FF1971F5750050C454 /* GlobalConstants.h */ = {isa = PBXFileReference; fileEncoding = 4; lastKnownFileType = sourcecode.c.h; path = GlobalConstants.h; sourceTree = "<group>"; };
		FB61B1001971F5C10050C454 /* ViewController.h */ = {isa = PBXFileReference; fileEncoding = 4; lastKnownFileType = sourcecode.c.h; path = ViewController.h; sourceTree = "<group>"; };
		FB61B1011971F5C10050C454 /* ViewController.m */ = {isa = PBXFileReference; fileEncoding = 4; lastKnownFileType = sourcecode.c.objc; path = ViewController.m; sourceTree = "<group>"; };
/* End PBXFileReference section */

/* Begin PBXFrameworksBuildPhase section */
		FB61B0CA1971F5440050C454 /* Frameworks */ = {
			isa = PBXFrameworksBuildPhase;
			buildActionMask = 2147483647;
			files = (
				FB61B0D31971F5440050C454 /* CoreGraphics.framework in Frameworks */,
				FB61B0D51971F5440050C454 /* UIKit.framework in Frameworks */,
				FB61B0D11971F5440050C454 /* Foundation.framework in Frameworks */,
			);
			runOnlyForDeploymentPostprocessing = 0;
		};
		FB61B0E51971F5440050C454 /* Frameworks */ = {
			isa = PBXFrameworksBuildPhase;
			buildActionMask = 2147483647;
			files = (
				FB61B0EA1971F5440050C454 /* XCTest.framework in Frameworks */,
				FB61B0EC1971F5440050C454 /* UIKit.framework in Frameworks */,
				FB61B0EB1971F5440050C454 /* Foundation.framework in Frameworks */,
			);
			runOnlyForDeploymentPostprocessing = 0;
		};
/* End PBXFrameworksBuildPhase section */

/* Begin PBXGroup section */
		FB61B0C41971F5430050C454 = {
			isa = PBXGroup;
			children = (
				FB61B0D61971F5440050C454 /* InAppNotificationBanner */,
				FB61B0EF1971F5440050C454 /* InAppNotificationBannerTests */,
				FB61B0CF1971F5440050C454 /* Frameworks */,
				FB61B0CE1971F5440050C454 /* Products */,
			);
			sourceTree = "<group>";
		};
		FB61B0CE1971F5440050C454 /* Products */ = {
			isa = PBXGroup;
			children = (
				FB61B0CD1971F5440050C454 /* InAppNotificationBanner.app */,
				FB61B0E81971F5440050C454 /* InAppNotificationBannerTests.xctest */,
			);
			name = Products;
			sourceTree = "<group>";
		};
		FB61B0CF1971F5440050C454 /* Frameworks */ = {
			isa = PBXGroup;
			children = (
				FB61B0D01971F5440050C454 /* Foundation.framework */,
				FB61B0D21971F5440050C454 /* CoreGraphics.framework */,
				FB61B0D41971F5440050C454 /* UIKit.framework */,
				FB61B0E91971F5440050C454 /* XCTest.framework */,
			);
			name = Frameworks;
			sourceTree = "<group>";
		};
		FB61B0D61971F5440050C454 /* InAppNotificationBanner */ = {
			isa = PBXGroup;
			children = (
				FB61B0FF1971F5750050C454 /* GlobalConstants.h */,
				FB61B0DF1971F5440050C454 /* AppDelegate.h */,
				FB61B0E01971F5440050C454 /* AppDelegate.m */,
				FB61B1001971F5C10050C454 /* ViewController.h */,
				FB61B1011971F5C10050C454 /* ViewController.m */,
				FB61B0E21971F5440050C454 /* Images.xcassets */,
				FB61B0D71971F5440050C454 /* Supporting Files */,
			);
			path = InAppNotificationBanner;
			sourceTree = "<group>";
		};
		FB61B0D71971F5440050C454 /* Supporting Files */ = {
			isa = PBXGroup;
			children = (
				FB61B0D81971F5440050C454 /* InAppNotificationBanner-Info.plist */,
				FB61B0D91971F5440050C454 /* InfoPlist.strings */,
				FB61B0DC1971F5440050C454 /* main.m */,
				FB61B0DE1971F5440050C454 /* InAppNotificationBanner-Prefix.pch */,
			);
			name = "Supporting Files";
			sourceTree = "<group>";
		};
		FB61B0EF1971F5440050C454 /* InAppNotificationBannerTests */ = {
			isa = PBXGroup;
			children = (
				FB61B0F51971F5440050C454 /* InAppNotificationBannerTests.m */,
				FB61B0F01971F5440050C454 /* Supporting Files */,
			);
			path = InAppNotificationBannerTests;
			sourceTree = "<group>";
		};
		FB61B0F01971F5440050C454 /* Supporting Files */ = {
			isa = PBXGroup;
			children = (
				FB61B0F11971F5440050C454 /* InAppNotificationBannerTests-Info.plist */,
				FB61B0F21971F5440050C454 /* InfoPlist.strings */,
			);
			name = "Supporting Files";
			sourceTree = "<group>";
		};
/* End PBXGroup section */

/* Begin PBXNativeTarget section */
		FB61B0CC1971F5440050C454 /* InAppNotificationBanner */ = {
			isa = PBXNativeTarget;
			buildConfigurationList = FB61B0F91971F5440050C454 /* Build configuration list for PBXNativeTarget "InAppNotificationBanner" */;
			buildPhases = (
				FB61B0C91971F5440050C454 /* Sources */,
				FB61B0CA1971F5440050C454 /* Frameworks */,
				FB61B0CB1971F5440050C454 /* Resources */,
			);
			buildRules = (
			);
			dependencies = (
			);
			name = InAppNotificationBanner;
			productName = InAppNotificationBanner;
			productReference = FB61B0CD1971F5440050C454 /* InAppNotificationBanner.app */;
			productType = "com.apple.product-type.application";
		};
		FB61B0E71971F5440050C454 /* InAppNotificationBannerTests */ = {
			isa = PBXNativeTarget;
			buildConfigurationList = FB61B0FC1971F5440050C454 /* Build configuration list for PBXNativeTarget "InAppNotificationBannerTests" */;
			buildPhases = (
				FB61B0E41971F5440050C454 /* Sources */,
				FB61B0E51971F5440050C454 /* Frameworks */,
				FB61B0E61971F5440050C454 /* Resources */,
			);
			buildRules = (
			);
			dependencies = (
				FB61B0EE1971F5440050C454 /* PBXTargetDependency */,
			);
			name = InAppNotificationBannerTests;
			productName = InAppNotificationBannerTests;
			productReference = FB61B0E81971F5440050C454 /* InAppNotificationBannerTests.xctest */;
			productType = "com.apple.product-type.bundle.unit-test";
		};
/* End PBXNativeTarget section */

/* Begin PBXProject section */
		FB61B0C51971F5430050C454 /* Project object */ = {
			isa = PBXProject;
			attributes = {
				LastUpgradeCheck = 0510;
				ORGANIZATIONNAME = com.webawesome;
				TargetAttributes = {
					FB61B0E71971F5440050C454 = {
						TestTargetID = FB61B0CC1971F5440050C454;
					};
				};
			};
			buildConfigurationList = FB61B0C81971F5430050C454 /* Build configuration list for PBXProject "InAppNotificationBanner" */;
			compatibilityVersion = "Xcode 3.2";
			developmentRegion = English;
			hasScannedForEncodings = 0;
			knownRegions = (
				en,
			);
			mainGroup = FB61B0C41971F5430050C454;
			productRefGroup = FB61B0CE1971F5440050C454 /* Products */;
			projectDirPath = "";
			projectRoot = "";
			targets = (
				FB61B0CC1971F5440050C454 /* InAppNotificationBanner */,
				FB61B0E71971F5440050C454 /* InAppNotificationBannerTests */,
			);
		};
/* End PBXProject section */

/* Begin PBXResourcesBuildPhase section */
		FB61B0CB1971F5440050C454 /* Resources */ = {
			isa = PBXResourcesBuildPhase;
			buildActionMask = 2147483647;
			files = (
				FB61B0DB1971F5440050C454 /* InfoPlist.strings in Resources */,
				FB61B0E31971F5440050C454 /* Images.xcassets in Resources */,
			);
			runOnlyForDeploymentPostprocessing = 0;
		};
		FB61B0E61971F5440050C454 /* Resources */ = {
			isa = PBXResourcesBuildPhase;
			buildActionMask = 2147483647;
			files = (
				FB61B0F41971F5440050C454 /* InfoPlist.strings in Resources */,
			);
			runOnlyForDeploymentPostprocessing = 0;
		};
/* End PBXResourcesBuildPhase section */

/* Begin PBXSourcesBuildPhase section */
		FB61B0C91971F5440050C454 /* Sources */ = {
			isa = PBXSourcesBuildPhase;
			buildActionMask = 2147483647;
			files = (
				FB61B1021971F5C10050C454 /* ViewController.m in Sources */,
				FB61B0E11971F5440050C454 /* AppDelegate.m in Sources */,
				FB61B0DD1971F5440050C454 /* main.m in Sources */,
			);
			runOnlyForDeploymentPostprocessing = 0;
		};
		FB61B0E41971F5440050C454 /* Sources */ = {
			isa = PBXSourcesBuildPhase;
			buildActionMask = 2147483647;
			files = (
				FB61B0F61971F5440050C454 /* InAppNotificationBannerTests.m in Sources */,
			);
			runOnlyForDeploymentPostprocessing = 0;
		};
/* End PBXSourcesBuildPhase section */

/* Begin PBXTargetDependency section */
		FB61B0EE1971F5440050C454 /* PBXTargetDependency */ = {
			isa = PBXTargetDependency;
			target = FB61B0CC1971F5440050C454 /* InAppNotificationBanner */;
			targetProxy = FB61B0ED1971F5440050C454 /* PBXContainerItemProxy */;
		};
/* End PBXTargetDependency section */

/* Begin PBXVariantGroup section */
		FB61B0D91971F5440050C454 /* InfoPlist.strings */ = {
			isa = PBXVariantGroup;
			children = (
				FB61B0DA1971F5440050C454 /* en */,
			);
			name = InfoPlist.strings;
			sourceTree = "<group>";
		};
		FB61B0F21971F5440050C454 /* InfoPlist.strings */ = {
			isa = PBXVariantGroup;
			children = (
				FB61B0F31971F5440050C454 /* en */,
			);
			name = InfoPlist.strings;
			sourceTree = "<group>";
		};
/* End PBXVariantGroup section */

/* Begin XCBuildConfiguration section */
		FB61B0F71971F5440050C454 /* Debug */ = {
			isa = XCBuildConfiguration;
			buildSettings = {
				ALWAYS_SEARCH_USER_PATHS = NO;
				CLANG_CXX_LANGUAGE_STANDARD = "gnu++0x";
				CLANG_CXX_LIBRARY = "libc++";
				CLANG_ENABLE_MODULES = YES;
				CLANG_ENABLE_OBJC_ARC = YES;
				CLANG_WARN_BOOL_CONVERSION = YES;
				CLANG_WARN_CONSTANT_CONVERSION = YES;
				CLANG_WARN_DIRECT_OBJC_ISA_USAGE = YES_ERROR;
				CLANG_WARN_EMPTY_BODY = YES;
				CLANG_WARN_ENUM_CONVERSION = YES;
				CLANG_WARN_INT_CONVERSION = YES;
				CLANG_WARN_OBJC_ROOT_CLASS = YES_ERROR;
				CLANG_WARN__DUPLICATE_METHOD_MATCH = YES;
				"CODE_SIGN_IDENTITY[sdk=iphoneos*]" = "iPhone Developer";
				COPY_PHASE_STRIP = NO;
				GCC_C_LANGUAGE_STANDARD = gnu99;
				GCC_DYNAMIC_NO_PIC = NO;
				GCC_OPTIMIZATION_LEVEL = 0;
				GCC_PREPROCESSOR_DEFINITIONS = (
					"DEBUG=1",
					"$(inherited)",
				);
				GCC_SYMBOLS_PRIVATE_EXTERN = NO;
				GCC_WARN_64_TO_32_BIT_CONVERSION = YES;
				GCC_WARN_ABOUT_RETURN_TYPE = YES_ERROR;
				GCC_WARN_UNDECLARED_SELECTOR = YES;
				GCC_WARN_UNINITIALIZED_AUTOS = YES_AGGRESSIVE;
				GCC_WARN_UNUSED_FUNCTION = YES;
				GCC_WARN_UNUSED_VARIABLE = YES;
				IPHONEOS_DEPLOYMENT_TARGET = 7.1;
				ONLY_ACTIVE_ARCH = YES;
				SDKROOT = iphoneos;
				TARGETED_DEVICE_FAMILY = "1,2";
			};
			name = Debug;
		};
		FB61B0F81971F5440050C454 /* Release */ = {
			isa = XCBuildConfiguration;
			buildSettings = {
				ALWAYS_SEARCH_USER_PATHS = NO;
				CLANG_CXX_LANGUAGE_STANDARD = "gnu++0x";
				CLANG_CXX_LIBRARY = "libc++";
				CLANG_ENABLE_MODULES = YES;
				CLANG_ENABLE_OBJC_ARC = YES;
				CLANG_WARN_BOOL_CONVERSION = YES;
				CLANG_WARN_CONSTANT_CONVERSION = YES;
				CLANG_WARN_DIRECT_OBJC_ISA_USAGE = YES_ERROR;
				CLANG_WARN_EMPTY_BODY = YES;
				CLANG_WARN_ENUM_CONVERSION = YES;
				CLANG_WARN_INT_CONVERSION = YES;
				CLANG_WARN_OBJC_ROOT_CLASS = YES_ERROR;
				CLANG_WARN__DUPLICATE_METHOD_MATCH = YES;
				"CODE_SIGN_IDENTITY[sdk=iphoneos*]" = "iPhone Developer";
				COPY_PHASE_STRIP = YES;
				ENABLE_NS_ASSERTIONS = NO;
				GCC_C_LANGUAGE_STANDARD = gnu99;
				GCC_WARN_64_TO_32_BIT_CONVERSION = YES;
				GCC_WARN_ABOUT_RETURN_TYPE = YES_ERROR;
				GCC_WARN_UNDECLARED_SELECTOR = YES;
				GCC_WARN_UNINITIALIZED_AUTOS = YES_AGGRESSIVE;
				GCC_WARN_UNUSED_FUNCTION = YES;
				GCC_WARN_UNUSED_VARIABLE = YES;
				IPHONEOS_DEPLOYMENT_TARGET = 7.1;
				SDKROOT = iphoneos;
				TARGETED_DEVICE_FAMILY = "1,2";
				VALIDATE_PRODUCT = YES;
			};
			name = Release;
		};
		FB61B0FA1971F5440050C454 /* Debug */ = {
			isa = XCBuildConfiguration;
			buildSettings = {
				ASSETCATALOG_COMPILER_APPICON_NAME = AppIcon;
				ASSETCATALOG_COMPILER_LAUNCHIMAGE_NAME = LaunchImage;
				GCC_PRECOMPILE_PREFIX_HEADER = YES;
				GCC_PREFIX_HEADER = "InAppNotificationBanner/InAppNotificationBanner-Prefix.pch";
				INFOPLIST_FILE = "InAppNotificationBanner/InAppNotificationBanner-Info.plist";
				PRODUCT_NAME = "$(TARGET_NAME)";
				WRAPPER_EXTENSION = app;
			};
			name = Debug;
		};
		FB61B0FB1971F5440050C454 /* Release */ = {
			isa = XCBuildConfiguration;
			buildSettings = {
				ASSETCATALOG_COMPILER_APPICON_NAME = AppIcon;
				ASSETCATALOG_COMPILER_LAUNCHIMAGE_NAME = LaunchImage;
				GCC_PRECOMPILE_PREFIX_HEADER = YES;
				GCC_PREFIX_HEADER = "InAppNotificationBanner/InAppNotificationBanner-Prefix.pch";
				INFOPLIST_FILE = "InAppNotificationBanner/InAppNotificationBanner-Info.plist";
				PRODUCT_NAME = "$(TARGET_NAME)";
				WRAPPER_EXTENSION = app;
			};
			name = Release;
		};
		FB61B0FD1971F5440050C454 /* Debug */ = {
			isa = XCBuildConfiguration;
			buildSettings = {
				BUNDLE_LOADER = "$(BUILT_PRODUCTS_DIR)/InAppNotificationBanner.app/InAppNotificationBanner";
				FRAMEWORK_SEARCH_PATHS = (
					"$(SDKROOT)/Developer/Library/Frameworks",
					"$(inherited)",
					"$(DEVELOPER_FRAMEWORKS_DIR)",
				);
				GCC_PRECOMPILE_PREFIX_HEADER = YES;
				GCC_PREFIX_HEADER = "InAppNotificationBanner/InAppNotificationBanner-Prefix.pch";
				GCC_PREPROCESSOR_DEFINITIONS = (
					"DEBUG=1",
					"$(inherited)",
				);
				INFOPLIST_FILE = "InAppNotificationBannerTests/InAppNotificationBannerTests-Info.plist";
				PRODUCT_NAME = "$(TARGET_NAME)";
				TEST_HOST = "$(BUNDLE_LOADER)";
				WRAPPER_EXTENSION = xctest;
			};
			name = Debug;
		};
		FB61B0FE1971F5440050C454 /* Release */ = {
			isa = XCBuildConfiguration;
			buildSettings = {
				BUNDLE_LOADER = "$(BUILT_PRODUCTS_DIR)/InAppNotificationBanner.app/InAppNotificationBanner";
				FRAMEWORK_SEARCH_PATHS = (
					"$(SDKROOT)/Developer/Library/Frameworks",
					"$(inherited)",
					"$(DEVELOPER_FRAMEWORKS_DIR)",
				);
				GCC_PRECOMPILE_PREFIX_HEADER = YES;
				GCC_PREFIX_HEADER = "InAppNotificationBanner/InAppNotificationBanner-Prefix.pch";
				INFOPLIST_FILE = "InAppNotificationBannerTests/InAppNotificationBannerTests-Info.plist";
				PRODUCT_NAME = "$(TARGET_NAME)";
				TEST_HOST = "$(BUNDLE_LOADER)";
				WRAPPER_EXTENSION = xctest;
			};
			name = Release;
		};
/* End XCBuildConfiguration section */

/* Begin XCConfigurationList section */
		FB61B0C81971F5430050C454 /* Build configuration list for PBXProject "InAppNotificationBanner" */ = {
			isa = XCConfigurationList;
			buildConfigurations = (
				FB61B0F71971F5440050C454 /* Debug */,
				FB61B0F81971F5440050C454 /* Release */,
			);
			defaultConfigurationIsVisible = 0;
			defaultConfigurationName = Release;
		};
		FB61B0F91971F5440050C454 /* Build configuration list for PBXNativeTarget "InAppNotificationBanner" */ = {
			isa = XCConfigurationList;
			buildConfigurations = (
				FB61B0FA1971F5440050C454 /* Debug */,
				FB61B0FB1971F5440050C454 /* Release */,
			);
			defaultConfigurationIsVisible = 0;
		};
		FB61B0FC1971F5440050C454 /* Build configuration list for PBXNativeTarget "InAppNotificationBannerTests" */ = {
			isa = XCConfigurationList;
			buildConfigurations = (
				FB61B0FD1971F5440050C454 /* Debug */,
				FB61B0FE1971F5440050C454 /* Release */,
			);
			defaultConfigurationIsVisible = 0;
		};
/* End XCConfigurationList section */
	};
	rootObject = FB61B0C51971F5430050C454 /* Project object */;
}
